github.com/aclements/go-moremath v0.0.0-20190506201756-286cc0be6f75/go.mod h1:idZL3yvz4kzx1dsBOAC+oYv6L92P1oFEhUXUB1A/lwQ=
github.com/aclements/go-moremath v0.0.0-20190830160640-d16893ddf098 h1:a7+Y8VlXRC2VX5ue6tpCutr4PsrkRkWWVZv4zqfaHuc=
github.com/aclements/go-moremath v0.0.0-20190830160640-d16893ddf098/go.mod h1:idZL3yvz4kzx1dsBOAC+oYv6L92P1oFEhUXUB1A/lwQ=
