github.com/google/pprof v0.0.0-20181206194817-3ea8567a2e57 h1:eqyIo2HjKhKe/mJzTG8n4VqvLXIOEG+SLdDqX7xGtkY=
github.com/google/pprof v0.0.0-20181206194817-3ea8567a2e57/go.mod h1:zfwlbNMJ+OItoe0UupaVj+oy1omPYYDuagoSzA8v9mc=
github.com/ianlancetaylor/demangle v0.0.0-20180524225900-fc6590592b44 h1:pKqc8lAAA6rcwpvsephnRuZp4VHbfszZRClvqAE6Sq8=
github.com/ianlancetaylor/demangle v0.0.0-20180524225900-fc6590592b44/go.mod h1:aSSvb/t6k1mPoxDqO4vJh6VOCGPwU4O0C2/Eqndh1Sc=
golang.org/x/arch v0.0.0-20180406140848-5099b4b992f2 h1:731/QrSv2GbOdONgrgLnKKNZZuhkyUUY3ylUbMUaYgw=
golang.org/x/arch v0.0.0-20180406140848-5099b4b992f2/go.mod h1:cYlCBUl1MsqxdiKgmc4uh7TxZfWSFLOGSRR090WDxt8=
golang.org/x/crypto v0.0.0-20180524125353-159ae71589f3 h1:mPCVkWhSH1DSDQg4ZwAFYMo/+evpqK1WzBt33b9TXRE=
golang.org/x/crypto v0.0.0-20180524125353-159ae71589f3/go.mod h1:6SG95UA2DQfeDnfUPMdvaQW0Q7yPrPDi9nlGo2tz2b4=
golang.org/x/sys v0.0.0-20190225065934-cc5685c2db12 h1:Zw7eRv6INHGfu15LVRN1vrrwusJbnfJjAZn3D1VkQIE=
golang.org/x/sys v0.0.0-20190225065934-cc5685c2db12/go.mod h1:STP8DvDyc/dI5b8T5hshtkjS+E42TnysNCUPdjciGhY=
golang.org/x/tools v0.0.0-20190213135902-6bedcd10978a h1:ncPOGSo3avrTTUKHvDmwoS5E5of95qqNwftSXoxX+Wk=
golang.org/x/tools v0.0.0-20190213135902-6bedcd10978a/go.mod h1:n7NCudcB/nEzxVGmLbDWY5pfWTLqBcC2KZ6jyYvM4mQ=
