golang.org/x/crypto v0.23.1-0.20240529182030-349231f7e4e4 h1:HOlvQYfhkGP7blLJ2H/E5JZmSe/qiEMp0A7449CoKww=
golang.org/x/crypto v0.23.1-0.20240529182030-349231f7e4e4/go.mod h1:CKFgDieR+mRhux2Lsu27y0fO304Db0wZe70UKqHu0v8=
golang.org/x/net v0.25.1-0.20240603160140-603e3e63901a h1:hp0lcrBlD44KmepbtryFGSZmY365S6aqwt6KkCjZcnk=
golang.org/x/net v0.25.1-0.20240603160140-603e3e63901a/go.mod h1:JkAGAh7GEvH74S6FOH42FLoXpXbE/aqXSrIQjXgsiwM=
golang.org/x/sys v0.20.1-0.20240517151509-673e0f94c16d h1:UI6NRUimfKFUpkX6WkarIpB1SpqQcNK/5vTmZpfXoEU=
golang.org/x/sys v0.20.1-0.20240517151509-673e0f94c16d/go.mod h1:/VUhepiaJMQUp4+oa/7Zr1D23ma6VTLIYjOOTFZPUcA=
golang.org/x/text v0.15.1-0.20240514202609-9c2f3a21352d h1:VipOHf/dyux9QFfFMZqe9DhdN4YA2x3qYzZaI2j8LZk=
golang.org/x/text v0.15.1-0.20240514202609-9c2f3a21352d/go.mod h1:GhwF1Be+LQoKShO3cGOHzqOgRrGaYc9AvblQOmPVHnI=
